
Microsoft Visual Studio Solution File, Format Version 12.00
# Visual Studio 15
VisualStudioVersion = 15.0.28010.2026
MinimumVisualStudioVersion = 10.0.40219.1
Project("{FAE04EC0-301F-11D3-BF4B-00C04F79EFBC}") = "version_control_feladat", "version_control_feladat\version_control_feladat.csproj", "{876F3312-A65F-4567-B0E5-CBA36481634E}"
EndProject
Global
	GlobalSection(SolutionConfigurationPlatforms) = preSolution
		Debug|Any CPU = Debug|Any CPU
		Release|Any CPU = Release|Any CPU
	EndGlobalSection
	GlobalSection(ProjectConfigurationPlatforms) = postSolution
		{876F3312-A65F-4567-B0E5-CBA36481634E}.Debug|Any CPU.ActiveCfg = Debug|Any CPU
		{876F3312-A65F-4567-B0E5-CBA36481634E}.Debug|Any CPU.Build.0 = Debug|Any CPU
		{876F3312-A65F-4567-B0E5-CBA36481634E}.Release|Any CPU.ActiveCfg = Release|Any CPU
		{876F3312-A65F-4567-B0E5-CBA36481634E}.Release|Any CPU.Build.0 = Release|Any CPU
	EndGlobalSection
	GlobalSection(SolutionProperties) = preSolution
		HideSolutionNode = FALSE
	EndGlobalSection
	GlobalSection(ExtensibilityGlobals) = postSolution
		SolutionGuid = {37A80F5D-B6A0-42C2-AB65-7FF0AF0A5371}
	EndGlobalSection
EndGlobal
